Microsoft Visual Studio Solution File, Format Version 10.00
# Visual Studio 2008
Project("{8BC9CEB8-8B4A-11D0-8D11-00A0C91BC942}") = "RSA-SS", "RSA-SS.vcproj", "{5CDA13DF-F275-4079-AEC2-29A5C73490B4}"
EndProject
Global
	GlobalSection(SolutionConfigurationPlatforms) = preSolution
		Debug|Win32 = Debug|Win32
		Release|Win32 = Release|Win32
	EndGlobalSection
	GlobalSection(ProjectConfigurationPlatforms) = postSolution
		{5CDA13DF-F275-4079-AEC2-29A5C73490B4}.Debug|Win32.ActiveCfg = Debug|Win32
		{5CDA13DF-F275-4079-AEC2-29A5C73490B4}.Debug|Win32.Build.0 = Debug|Win32
		{5CDA13DF-F275-4079-AEC2-29A5C73490B4}.Release|Win32.ActiveCfg = Release|Win32
		{5CDA13DF-F275-4079-AEC2-29A5C73490B4}.Release|Win32.Build.0 = Release|Win32
	EndGlobalSection
	GlobalSection(SolutionProperties) = preSolution
		HideSolutionNode = FALSE
	EndGlobalSection
EndGlobal
